{
    "_readme": [
        "This file locks the dependencies of your project to a known state",
        "Read more about it at https://getcomposer.org/doc/01-basic-usage.md#installing-dependencies",
        "This file is @generated automatically"
    ],
    "content-hash": "ad74e4afc0179eb3d8b0a87afac9eee3",
    "packages": [
        {
            "name": "phpmailer/phpmailer",
            "version": "v6.10.0",
            "source": {
                "type": "git",
                "url": "https://github.com/PHPMailer/PHPMailer.git",
                "reference": "bf74d75a1fde6beaa34a0ddae2ec5fce0f72a144"
            },
            "dist": {
                "type": "zip",
                "url": "https://api.github.com/repos/PHPMailer/PHPMailer/zipball/bf74d75a1fde6beaa34a0ddae2ec5fce0f72a144",
                "reference": "bf74d75a1fde6beaa34a0ddae2ec5fce0f72a144",
                "shasum": ""
            },
            "require": {
                "ext-ctype": "*",
                "ext-filter": "*",
                "ext-hash": "*",
                "php": ">=5.5.0"
            },
            "require-dev": {
                "dealerdirect/phpcodesniffer-composer-installer": "^1.0",
                "doctrine/annotations": "^1.2.6 || ^1.13.3",
                "php-parallel-lint/php-console-highlighter": "^1.0.0",
                "php-parallel-lint/php-parallel-lint": "^1.3.2",
                "phpcompatibility/php-compatibility": "^9.3.5",
                "roave/security-advisories": "dev-latest",
                "squizlabs/php_codesniffer": "^3.7.2",
                "yoast/phpunit-polyfills": "^1.0.4"
            },
            "suggest": {
                "decomplexity/SendOauth2": "Adapter for using XOAUTH2 authentication",
                "ext-mbstring": "Needed to send email in multibyte encoding charset or decode encoded addresses",
                "ext-openssl": "Needed for secure SMTP sending and DKIM signing",
                "greew/oauth2-azure-provider": "Needed for Microsoft Azure XOAUTH2 authentication",
                "hayageek/oauth2-yahoo": "Needed for Yahoo XOAUTH2 authentication",
                "league/oauth2-google": "Needed for Google XOAUTH2 authentication",
                "psr/log": "For optional PSR-3 debug logging",
                "symfony/polyfill-mbstring": "To support UTF-8 if the Mbstring PHP extension is not enabled (^1.2)",
                "thenetworg/oauth2-azure": "Needed for Microsoft XOAUTH2 authentication"
            },
            "type": "library",
            "autoload": {
                "psr-4": {
                    "PHPMailer\\PHPMailer\\": "src/"
                }
            },
            "notification-url": "https://packagist.org/downloads/",
            "license": [
                "LGPL-2.1-only"
            ],
            "authors": [
                {
                    "name": "Marcus Bointon",
                    "email": "phpmailer@synchromedia.co.uk"
                },
                {
                    "name": "Jim Jagielski",
                    "email": "jimjag@gmail.com"
                },
                {
                    "name": "Andy Prevost",
                    "email": "codeworxtech@users.sourceforge.net"
                },
                {
                    "name": "Brent R. Matzelle"
                }
            ],
            "description": "PHPMailer is a full-featured email creation and transfer class for PHP",
            "support": {
                "issues": "https://github.com/PHPMailer/PHPMailer/issues",
                "source": "https://github.com/PHPMailer/PHPMailer/tree/v6.10.0"
            },
            "funding": [
                {
                    "url": "https://github.com/Synchro",
                    "type": "github"
                }
            ],
            "time": "2025-04-24T15:19:31+00:00"
        },
        {
            "name": "roy404/artisan",
            "version": "v1.1.7",
            "source": {
                "type": "git",
                "url": "https://github.com/roycanales17/Web-Artisan.git",
                "reference": "d05d0bc646ff2b3992cd046997aa3836eb1786a4"
            },
            "dist": {
                "type": "zip",
                "url": "https://api.github.com/repos/roycanales17/Web-Artisan/zipball/d05d0bc646ff2b3992cd046997aa3836eb1786a4",
                "reference": "d05d0bc646ff2b3992cd046997aa3836eb1786a4",
                "shasum": ""
            },
            "require": {
                "php": "^8.0"
            },
            "type": "library",
            "autoload": {
                "psr-4": {
                    "App\\Console\\": "src/",
                    "App\\Console\\Commands\\": "commands/"
                }
            },
            "notification-url": "https://packagist.org/downloads/",
            "license": [
                "MIT"
            ],
            "authors": [
                {
                    "name": "Robroy B Canales",
                    "email": "canales.robroy123@gmail.com"
                }
            ],
            "description": "A custom Artisan-like command runner for web environments. Run your Artisan commands from the browser or other interfaces.",
            "keywords": [
                "console",
                "php"
            ],
            "support": {
                "issues": "https://github.com/roycanales17/Web-Artisan/issues",
                "source": "https://github.com/roycanales17/Web-Artisan/tree/v1.1.7"
            },
            "time": "2025-05-04T12:41:42+00:00"
        },
        {
            "name": "roy404/blades",
            "version": "v1.1.2",
            "source": {
                "type": "git",
                "url": "https://github.com/roycanales17/Blades-Compiler.git",
                "reference": "748b213972fb0234de8695180933114e8335837a"
            },
            "dist": {
                "type": "zip",
                "url": "https://api.github.com/repos/roycanales17/Blades-Compiler/zipball/748b213972fb0234de8695180933114e8335837a",
                "reference": "748b213972fb0234de8695180933114e8335837a",
                "shasum": ""
            },
            "require": {
                "php": "^8.0"
            },
            "type": "library",
            "autoload": {
                "psr-4": {
                    "App\\Content\\": "src/"
                }
            },
            "notification-url": "https://packagist.org/downloads/",
            "license": [
                "MIT"
            ],
            "authors": [
                {
                    "name": "Robroy B Canales",
                    "email": "canales.robroy123@gmail.com"
                }
            ],
            "description": "A PHP library that provides Blade-like templating functionality, enabling seamless integration of Blade syntax and components.",
            "keywords": [
                "compiler",
                "php"
            ],
            "support": {
                "issues": "https://github.com/roycanales17/Blades-Compiler/issues",
                "source": "https://github.com/roycanales17/Blades-Compiler/tree/v1.1.2"
            },
            "time": "2025-05-08T15:30:18+00:00"
        },
        {
            "name": "roy404/eloquent",
            "version": "v1.0.7",
            "source": {
                "type": "git",
                "url": "https://github.com/roycanales17/Eloquent-Class.git",
                "reference": "f359f32022710ca653636413a66215d3af0a90bf"
            },
            "dist": {
                "type": "zip",
                "url": "https://api.github.com/repos/roycanales17/Eloquent-Class/zipball/f359f32022710ca653636413a66215d3af0a90bf",
                "reference": "f359f32022710ca653636413a66215d3af0a90bf",
                "shasum": ""
            },
            "require": {
                "php": "^8.0"
            },
            "type": "library",
            "autoload": {
                "psr-4": {
                    "App\\Database\\": "src/",
                    "App\\Databases\\Scheme\\": "src/Databases/"
                }
            },
            "notification-url": "https://packagist.org/downloads/",
            "license": [
                "MIT"
            ],
            "authors": [
                {
                    "name": "Robroy Canales",
                    "email": "canales.robroy123@gmail.com"
                }
            ],
            "description": "Eloquent is the default ORM (Object-Relational Mapping). It provides a simple ActiveRecord implementation for working with your database. With Eloquent, you can define database models as classes, and interact with the database using these models, rather than writing raw SQL queries.",
            "keywords": [
                "php",
                "plugins"
            ],
            "support": {
                "issues": "https://github.com/roycanales17/Eloquent-Class/issues",
                "source": "https://github.com/roycanales17/Eloquent-Class/tree/v1.0.7"
            },
            "time": "2025-05-08T13:54:17+00:00"
        },
        {
            "name": "roy404/request",
            "version": "v3.0.5",
            "source": {
                "type": "git",
                "url": "https://github.com/roycanales17/Input-Request.git",
                "reference": "e843a7e118e8836a80eaa8d9789989e4331213e7"
            },
            "dist": {
                "type": "zip",
                "url": "https://api.github.com/repos/roycanales17/Input-Request/zipball/e843a7e118e8836a80eaa8d9789989e4331213e7",
                "reference": "e843a7e118e8836a80eaa8d9789989e4331213e7",
                "shasum": ""
            },
            "require": {
                "php": "^8.0"
            },
            "type": "library",
            "autoload": {
                "files": [
                    "src/Standard.php"
                ],
                "psr-4": {
                    "App\\Headers\\": "src/",
                    "App\\Headers\\Scheme\\": "src/scheme",
                    "App\\Headers\\Requests\\": "src/requests",
                    "App\\Headers\\Scheme\\Validation\\": "src/scheme/validation"
                }
            },
            "notification-url": "https://packagist.org/downloads/",
            "license": [
                "MIT"
            ],
            "authors": [
                {
                    "name": "Robroy Canales",
                    "email": "canales.robroy123@gmail.com"
                }
            ],
            "description": "Request class provides an object-oriented way to interact with the current HTTP request being handled by your application as well as retrieve the input, and files that were submitted with the request.",
            "keywords": [
                "php",
                "plugins"
            ],
            "support": {
                "issues": "https://github.com/roycanales17/Input-Request/issues",
                "source": "https://github.com/roycanales17/Input-Request/tree/v3.0.5"
            },
            "time": "2025-03-27T10:34:57+00:00"
        },
        {
            "name": "roy404/routes",
            "version": "v4.0.7",
            "source": {
                "type": "git",
                "url": "https://github.com/roycanales17/Web-Routes.git",
                "reference": "e764ece67aa9441895bab779d1cc9ac90c9e1d96"
            },
            "dist": {
                "type": "zip",
                "url": "https://api.github.com/repos/roycanales17/Web-Routes/zipball/e764ece67aa9441895bab779d1cc9ac90c9e1d96",
                "reference": "e764ece67aa9441895bab779d1cc9ac90c9e1d96",
                "shasum": ""
            },
            "require": {
                "php": "^8.0"
            },
            "type": "library",
            "autoload": {
                "psr-4": {
                    "App\\Routes\\": "src/"
                }
            },
            "notification-url": "https://packagist.org/downloads/",
            "license": [
                "MIT"
            ],
            "authors": [
                {
                    "name": "Robroy Canales",
                    "email": "canales.robroy123@gmail.com",
                    "homepage": "https://github.com/roycanales17",
                    "role": "Developer"
                }
            ],
            "description": "A routing library that provides an intuitive, object-oriented way to define and manage HTTP routes in your PHP application, supporting route grouping, middleware, and custom route handling.",
            "keywords": [
                "http",
                "middleware",
                "php",
                "routing"
            ],
            "support": {
                "issues": "https://github.com/roycanales17/Web-Routes/issues",
                "source": "https://github.com/roycanales17/Web-Routes/tree/v4.0.7"
            },
            "time": "2025-05-05T11:13:53+00:00"
        },
        {
            "name": "roy404/schema",
            "version": "1.0.1",
            "source": {
                "type": "git",
                "url": "https://github.com/roycanales17/Database-Schema.git",
                "reference": "3375e633eec7e5f7be96a25b602898280c19642a"
            },
            "dist": {
                "type": "zip",
                "url": "https://api.github.com/repos/roycanales17/Database-Schema/zipball/3375e633eec7e5f7be96a25b602898280c19642a",
                "reference": "3375e633eec7e5f7be96a25b602898280c19642a",
                "shasum": ""
            },
            "require": {
                "php": "^8.0"
            },
            "type": "library",
            "autoload": {
                "psr-4": {
                    "Illuminate\\Database\\Facades\\": "src/"
                }
            },
            "notification-url": "https://packagist.org/downloads/",
            "license": [
                "MIT"
            ],
            "authors": [
                {
                    "name": "Robroy Canales",
                    "email": "canales.robroy123@gmail.com"
                }
            ],
            "description": "The Schema Builder class is a part of the database layer that allows you to define database tables and their columns using a fluent syntax. It provides a way to create and manipulate database tables without writing SQL queries directly.",
            "keywords": [
                "php",
                "plugins"
            ],
            "support": {
                "issues": "https://github.com/roycanales17/Database-Schema/issues",
                "source": "https://github.com/roycanales17/Database-Schema/tree/1.0.1"
            },
            "time": "2024-02-19T13:09:40+00:00"
        },
        {
            "name": "roy404/utilities",
            "version": "v1.7.5",
            "source": {
                "type": "git",
                "url": "https://github.com/roycanales17/Web-Utilities.git",
                "reference": "a26eac8d6d134bf523b4f2f54c8990961cb3a635"
            },
            "dist": {
                "type": "zip",
                "url": "https://api.github.com/repos/roycanales17/Web-Utilities/zipball/a26eac8d6d134bf523b4f2f54c8990961cb3a635",
                "reference": "a26eac8d6d134bf523b4f2f54c8990961cb3a635",
                "shasum": ""
            },
            "require": {
                "php": "^8.1",
                "phpmailer/phpmailer": "^6.9",
                "roy404/artisan": "^1.0",
                "roy404/blades": "^1.0",
                "roy404/eloquent": "^1.0",
                "roy404/request": "^3.0",
                "roy404/schema": "^1.0"
            },
            "type": "library",
            "autoload": {
                "files": [
                    "Standard.php"
                ],
                "psr-4": {
                    "App\\Http\\": "http",
                    "App\\Utilities\\": "src"
                }
            },
            "notification-url": "https://packagist.org/downloads/",
            "license": [
                "MIT"
            ],
            "authors": [
                {
                    "name": "Robroy B Canales",
                    "email": "canales.robroy123@gmail.com"
                }
            ],
            "description": "A comprehensive collection of PHP utilities including Carbon, Logger, Storage, RateLimiter, Cache, and Session Handler, designed to enhance productivity and simplify development.",
            "keywords": [
                "compiler",
                "php"
            ],
            "support": {
                "issues": "https://github.com/roycanales17/Web-Utilities/issues",
                "source": "https://github.com/roycanales17/Web-Utilities/tree/v1.7.5"
            },
            "time": "2025-05-08T14:03:54+00:00"
        }
    ],
    "packages-dev": [],
    "aliases": [],
    "minimum-stability": "stable",
    "stability-flags": {},
    "prefer-stable": false,
    "prefer-lowest": false,
    "platform": {
        "php": "^8.1"
    },
    "platform-dev": {},
    "plugin-api-version": "2.6.0"
}
