{
    "_readme": [
        "This file locks the dependencies of your project to a known state",
        "Read more about it at https://getcomposer.org/doc/01-basic-usage.md#installing-dependencies",
        "This file is @generated automatically"
    ],
    "content-hash": "f663af71a1e7f88a7e7e37739cc87b2f",
    "packages": [
        {
            "name": "beberlei/assert",
            "version": "v3.3.3",
            "source": {
                "type": "git",
                "url": "https://github.com/beberlei/assert.git",
                "reference": "b5fd8eacd8915a1b627b8bfc027803f1939734dd"
            },
            "dist": {
                "type": "zip",
                "url": "https://api.github.com/repos/beberlei/assert/zipball/b5fd8eacd8915a1b627b8bfc027803f1939734dd",
                "reference": "b5fd8eacd8915a1b627b8bfc027803f1939734dd",
                "shasum": ""
            },
            "require": {
                "ext-ctype": "*",
                "ext-json": "*",
                "ext-mbstring": "*",
                "ext-simplexml": "*",
                "php": "^7.1 || ^8.0"
            },
            "require-dev": {
                "friendsofphp/php-cs-fixer": "*",
                "phpstan/phpstan": "*",
                "phpunit/phpunit": ">=6.0.0",
                "yoast/phpunit-polyfills": "^0.1.0"
            },
            "suggest": {
                "ext-intl": "Needed to allow Assertion::count(), Assertion::isCountable(), Assertion::minCount(), and Assertion::maxCount() to operate on ResourceBundles"
            },
            "type": "library",
            "autoload": {
                "files": [
                    "lib/Assert/functions.php"
                ],
                "psr-4": {
                    "Assert\\": "lib/Assert"
                }
            },
            "notification-url": "https://packagist.org/downloads/",
            "license": [
                "BSD-2-Clause"
            ],
            "authors": [
                {
                    "name": "Benjamin Eberlei",
                    "email": "kontakt@beberlei.de",
                    "role": "Lead Developer"
                },
                {
                    "name": "Richard Quadling",
                    "email": "rquadling@gmail.com",
                    "role": "Collaborator"
                }
            ],
            "description": "Thin assertion library for input validation in business models.",
            "keywords": [
                "assert",
                "assertion",
                "validation"
            ],
            "support": {
                "issues": "https://github.com/beberlei/assert/issues",
                "source": "https://github.com/beberlei/assert/tree/v3.3.3"
            },
            "time": "2024-07-15T13:18:35+00:00"
        },
        {
            "name": "jc21/clitable",
            "version": "1.3",
            "source": {
                "type": "git",
                "url": "https://github.com/jc21/clitable.git",
                "reference": "6de41c33f9ddd1e8a15d6607054d7ea992abf52a"
            },
            "dist": {
                "type": "zip",
                "url": "https://api.github.com/repos/jc21/clitable/zipball/6de41c33f9ddd1e8a15d6607054d7ea992abf52a",
                "reference": "6de41c33f9ddd1e8a15d6607054d7ea992abf52a",
                "shasum": ""
            },
            "require": {
                "php": ">=5.3.0"
            },
            "require-dev": {
                "victorjonsson/markdowndocs": "dev-master"
            },
            "type": "library",
            "autoload": {
                "psr-0": {
                    "jc21": "src"
                }
            },
            "notification-url": "https://packagist.org/downloads/",
            "license": [
                "BSD-1-Clause"
            ],
            "authors": [
                {
                    "name": "Jamie Curnow",
                    "email": "jc@jc21.com"
                }
            ],
            "description": "CLI Table output for PHP scripts",
            "homepage": "https://github.com/jc21/clitable",
            "keywords": [
                "cli",
                "command",
                "line",
                "table"
            ],
            "support": {
                "issues": "https://github.com/jc21/clitable/issues",
                "source": "https://github.com/jc21/clitable/tree/1.3"
            },
            "abandoned": true,
            "time": "2023-10-08T23:00:01+00:00"
        },
        {
            "name": "php-school/cli-menu",
            "version": "4.3.0",
            "source": {
                "type": "git",
                "url": "https://github.com/php-school/cli-menu.git",
                "reference": "bad5e0177f2b3ada6dc14eee4011fee4001b7679"
            },
            "dist": {
                "type": "zip",
                "url": "https://api.github.com/repos/php-school/cli-menu/zipball/bad5e0177f2b3ada6dc14eee4011fee4001b7679",
                "reference": "bad5e0177f2b3ada6dc14eee4011fee4001b7679",
                "shasum": ""
            },
            "require": {
                "beberlei/assert": "^2.4 | ^3",
                "ext-mbstring": "*",
                "ext-posix": "*",
                "php": ">=7.1",
                "php-school/terminal": "^0.2.1"
            },
            "require-dev": {
                "phpstan/phpstan": "^0.12",
                "phpunit/phpunit": "^8.0 | ^9.0",
                "squizlabs/php_codesniffer": "^3.2"
            },
            "type": "library",
            "autoload": {
                "files": [
                    "src/Util/ArrayUtils.php"
                ],
                "psr-4": {
                    "PhpSchool\\CliMenu\\": "src"
                }
            },
            "notification-url": "https://packagist.org/downloads/",
            "license": [
                "MIT"
            ],
            "authors": [
                {
                    "name": "Michael Woodward",
                    "email": "mikeymike.mw@gmail.com"
                },
                {
                    "name": "Aydin Hassan",
                    "email": "aydin@hotmail.com"
                }
            ],
            "description": "A command line menu helper in PHP",
            "keywords": [
                "cli",
                "console",
                "menu",
                "php-school",
                "phpschool",
                "terminal"
            ],
            "support": {
                "issues": "https://github.com/php-school/cli-menu/issues",
                "source": "https://github.com/php-school/cli-menu/tree/4.3.0"
            },
            "time": "2021-12-16T09:40:06+00:00"
        },
        {
            "name": "php-school/terminal",
            "version": "0.2.1",
            "source": {
                "type": "git",
                "url": "https://github.com/php-school/terminal.git",
                "reference": "725f86c7db996a4cf65648022f17e22391e97320"
            },
            "dist": {
                "type": "zip",
                "url": "https://api.github.com/repos/php-school/terminal/zipball/725f86c7db996a4cf65648022f17e22391e97320",
                "reference": "725f86c7db996a4cf65648022f17e22391e97320",
                "shasum": ""
            },
            "require": {
                "ext-posix": "*",
                "php": ">=7.1"
            },
            "require-dev": {
                "phpstan/phpstan": "^0.9.2",
                "phpunit/phpunit": "^7.1",
                "squizlabs/php_codesniffer": "^3.2"
            },
            "type": "library",
            "autoload": {
                "psr-4": {
                    "PhpSchool\\Terminal\\": "src"
                }
            },
            "notification-url": "https://packagist.org/downloads/",
            "license": [
                "MIT"
            ],
            "authors": [
                {
                    "name": "Michael Woodward",
                    "email": "mikeymike.mw@gmail.com"
                },
                {
                    "name": "Aydin Hassan",
                    "email": "aydin@hotmail.com"
                }
            ],
            "description": "A command line terminal utility in PHP",
            "keywords": [
                "cli",
                "console",
                "php-school",
                "phpschool",
                "terminal"
            ],
            "support": {
                "issues": "https://github.com/php-school/terminal/issues",
                "source": "https://github.com/php-school/terminal/tree/0.2.1"
            },
            "time": "2019-12-17T21:56:06+00:00"
        },
        {
            "name": "roy404/blades",
            "version": "v1.0.13",
            "source": {
                "type": "git",
                "url": "https://github.com/roycanales17/Blades-Compiler.git",
                "reference": "aad1debda8ce3e534b4924c9f4a7d30bb3c7016a"
            },
            "dist": {
                "type": "zip",
                "url": "https://api.github.com/repos/roycanales17/Blades-Compiler/zipball/aad1debda8ce3e534b4924c9f4a7d30bb3c7016a",
                "reference": "aad1debda8ce3e534b4924c9f4a7d30bb3c7016a",
                "shasum": ""
            },
            "require": {
                "php": "^8.0"
            },
            "type": "library",
            "autoload": {
                "psr-4": {
                    "App\\Content\\": "src/"
                }
            },
            "notification-url": "https://packagist.org/downloads/",
            "license": [
                "MIT"
            ],
            "authors": [
                {
                    "name": "Robroy B Canales",
                    "email": "canales.robroy123@gmail.com"
                }
            ],
            "description": "A PHP library that provides Blade-like templating functionality, enabling seamless integration of Blade syntax and components.",
            "keywords": [
                "compiler",
                "php"
            ],
            "support": {
                "issues": "https://github.com/roycanales17/Blades-Compiler/issues",
                "source": "https://github.com/roycanales17/Blades-Compiler/tree/v1.0.13"
            },
            "time": "2025-01-19T13:06:30+00:00"
        },
        {
            "name": "roy404/request",
            "version": "v3.0.2",
            "source": {
                "type": "git",
                "url": "https://github.com/roycanales17/Input-Request.git",
                "reference": "41c9fe41d5dc4b01bc81450f2c401797acadeada"
            },
            "dist": {
                "type": "zip",
                "url": "https://api.github.com/repos/roycanales17/Input-Request/zipball/41c9fe41d5dc4b01bc81450f2c401797acadeada",
                "reference": "41c9fe41d5dc4b01bc81450f2c401797acadeada",
                "shasum": ""
            },
            "require": {
                "php": "^8.0"
            },
            "type": "library",
            "autoload": {
                "psr-4": {
                    "App\\Headers\\": "src/",
                    "App\\Headers\\Scheme\\": "src/scheme",
                    "App\\Headers\\Requests\\": "src/requests",
                    "App\\Headers\\Scheme\\Validation\\": "src/scheme/validation"
                }
            },
            "notification-url": "https://packagist.org/downloads/",
            "license": [
                "MIT"
            ],
            "authors": [
                {
                    "name": "Robroy Canales",
                    "email": "canales.robroy123@gmail.com"
                }
            ],
            "description": "Request class provides an object-oriented way to interact with the current HTTP request being handled by your application as well as retrieve the input, and files that were submitted with the request.",
            "keywords": [
                "php",
                "plugins"
            ],
            "support": {
                "issues": "https://github.com/roycanales17/Input-Request/issues",
                "source": "https://github.com/roycanales17/Input-Request/tree/v3.0.2"
            },
            "time": "2025-01-17T14:15:14+00:00"
        },
        {
            "name": "roy404/routes",
            "version": "v3.0.3",
            "source": {
                "type": "git",
                "url": "https://github.com/roycanales17/Web-Routes.git",
                "reference": "02d8f066a4701928f283a26dc77afbba08105b0b"
            },
            "dist": {
                "type": "zip",
                "url": "https://api.github.com/repos/roycanales17/Web-Routes/zipball/02d8f066a4701928f283a26dc77afbba08105b0b",
                "reference": "02d8f066a4701928f283a26dc77afbba08105b0b",
                "shasum": ""
            },
            "require": {
                "php": "^8.0"
            },
            "type": "library",
            "autoload": {
                "psr-4": {
                    "App\\Routes\\": "src/"
                }
            },
            "notification-url": "https://packagist.org/downloads/",
            "license": [
                "MIT"
            ],
            "authors": [
                {
                    "name": "Robroy Canales",
                    "email": "canales.robroy123@gmail.com",
                    "homepage": "https://github.com/roycanales17",
                    "role": "Developer"
                }
            ],
            "description": "A routing library that provides an intuitive, object-oriented way to define and manage HTTP routes in your PHP application, supporting route grouping, middleware, and custom route handling.",
            "keywords": [
                "http",
                "middleware",
                "php",
                "routing"
            ],
            "support": {
                "issues": "https://github.com/roycanales17/Web-Routes/issues",
                "source": "https://github.com/roycanales17/Web-Routes/tree/v3.0.3"
            },
            "time": "2025-01-19T12:32:17+00:00"
        },
        {
            "name": "roy404/utilities",
            "version": "v1.0.3",
            "source": {
                "type": "git",
                "url": "https://github.com/roycanales17/Web-Utilities.git",
                "reference": "f155921dd876921b278079a18605ae8bca5da23e"
            },
            "dist": {
                "type": "zip",
                "url": "https://api.github.com/repos/roycanales17/Web-Utilities/zipball/f155921dd876921b278079a18605ae8bca5da23e",
                "reference": "f155921dd876921b278079a18605ae8bca5da23e",
                "shasum": ""
            },
            "require": {
                "php": "^8.0"
            },
            "type": "library",
            "autoload": {
                "psr-4": {
                    "App\\Utilities\\": "src/",
                    "App\\Utilities\\Handler\\": "src/handler",
                    "App\\Utilities\\Blueprints\\": "src/blueprints"
                }
            },
            "notification-url": "https://packagist.org/downloads/",
            "license": [
                "MIT"
            ],
            "authors": [
                {
                    "name": "Robroy B Canales",
                    "email": "canales.robroy123@gmail.com"
                }
            ],
            "description": "A comprehensive collection of PHP utilities including Carbon, Logger, Storage, RateLimiter, Cache, and Session Handler, designed to enhance productivity and simplify development.",
            "keywords": [
                "compiler",
                "php"
            ],
            "support": {
                "issues": "https://github.com/roycanales17/Web-Utilities/issues",
                "source": "https://github.com/roycanales17/Web-Utilities/tree/v1.0.3"
            },
            "time": "2025-01-19T12:55:36+00:00"
        }
    ],
    "packages-dev": [],
    "aliases": [],
    "minimum-stability": "stable",
    "stability-flags": [],
    "prefer-stable": false,
    "prefer-lowest": false,
    "platform": [],
    "platform-dev": [],
    "plugin-api-version": "2.6.0"
}
