{
    "_readme": [
        "This file locks the dependencies of your project to a known state",
        "Read more about it at https://getcomposer.org/doc/01-basic-usage.md#installing-dependencies",
        "This file is @generated automatically"
    ],
    "content-hash": "190bc82cacab78177a7cc0f9215a28b3",
    "packages": [
        {
            "name": "roy404/blades",
            "version": "v1.0.13",
            "source": {
                "type": "git",
                "url": "https://github.com/roycanales17/Blades-Compiler.git",
                "reference": "aad1debda8ce3e534b4924c9f4a7d30bb3c7016a"
            },
            "dist": {
                "type": "zip",
                "url": "https://api.github.com/repos/roycanales17/Blades-Compiler/zipball/aad1debda8ce3e534b4924c9f4a7d30bb3c7016a",
                "reference": "aad1debda8ce3e534b4924c9f4a7d30bb3c7016a",
                "shasum": ""
            },
            "require": {
                "php": "^8.0"
            },
            "type": "library",
            "autoload": {
                "psr-4": {
                    "App\\Content\\": "src/"
                }
            },
            "notification-url": "https://packagist.org/downloads/",
            "license": [
                "MIT"
            ],
            "authors": [
                {
                    "name": "Robroy B Canales",
                    "email": "canales.robroy123@gmail.com"
                }
            ],
            "description": "A PHP library that provides Blade-like templating functionality, enabling seamless integration of Blade syntax and components.",
            "keywords": [
                "compiler",
                "php"
            ],
            "support": {
                "issues": "https://github.com/roycanales17/Blades-Compiler/issues",
                "source": "https://github.com/roycanales17/Blades-Compiler/tree/v1.0.13"
            },
            "time": "2025-01-19T13:06:30+00:00"
        },
        {
            "name": "roy404/request",
            "version": "v3.0.5",
            "source": {
                "type": "git",
                "url": "https://github.com/roycanales17/Input-Request.git",
                "reference": "e843a7e118e8836a80eaa8d9789989e4331213e7"
            },
            "dist": {
                "type": "zip",
                "url": "https://api.github.com/repos/roycanales17/Input-Request/zipball/e843a7e118e8836a80eaa8d9789989e4331213e7",
                "reference": "e843a7e118e8836a80eaa8d9789989e4331213e7",
                "shasum": ""
            },
            "require": {
                "php": "^8.0"
            },
            "type": "library",
            "autoload": {
                "files": [
                    "src/Standard.php"
                ],
                "psr-4": {
                    "App\\Headers\\": "src/",
                    "App\\Headers\\Scheme\\": "src/scheme",
                    "App\\Headers\\Requests\\": "src/requests",
                    "App\\Headers\\Scheme\\Validation\\": "src/scheme/validation"
                }
            },
            "notification-url": "https://packagist.org/downloads/",
            "license": [
                "MIT"
            ],
            "authors": [
                {
                    "name": "Robroy Canales",
                    "email": "canales.robroy123@gmail.com"
                }
            ],
            "description": "Request class provides an object-oriented way to interact with the current HTTP request being handled by your application as well as retrieve the input, and files that were submitted with the request.",
            "keywords": [
                "php",
                "plugins"
            ],
            "support": {
                "issues": "https://github.com/roycanales17/Input-Request/issues",
                "source": "https://github.com/roycanales17/Input-Request/tree/v3.0.5"
            },
            "time": "2025-03-27T10:34:57+00:00"
        },
        {
            "name": "roy404/routes",
            "version": "v4.0.3",
            "source": {
                "type": "git",
                "url": "https://github.com/roycanales17/Web-Routes.git",
                "reference": "27bad38843f646b4d10990a47435d0e0d3c8012b"
            },
            "dist": {
                "type": "zip",
                "url": "https://api.github.com/repos/roycanales17/Web-Routes/zipball/27bad38843f646b4d10990a47435d0e0d3c8012b",
                "reference": "27bad38843f646b4d10990a47435d0e0d3c8012b",
                "shasum": ""
            },
            "require": {
                "php": "^8.0"
            },
            "type": "library",
            "autoload": {
                "psr-4": {
                    "App\\Routes\\": "src/"
                }
            },
            "notification-url": "https://packagist.org/downloads/",
            "license": [
                "MIT"
            ],
            "authors": [
                {
                    "name": "Robroy Canales",
                    "email": "canales.robroy123@gmail.com",
                    "homepage": "https://github.com/roycanales17",
                    "role": "Developer"
                }
            ],
            "description": "A routing library that provides an intuitive, object-oriented way to define and manage HTTP routes in your PHP application, supporting route grouping, middleware, and custom route handling.",
            "keywords": [
                "http",
                "middleware",
                "php",
                "routing"
            ],
            "support": {
                "issues": "https://github.com/roycanales17/Web-Routes/issues",
                "source": "https://github.com/roycanales17/Web-Routes/tree/v4.0.3"
            },
            "time": "2025-03-28T09:53:30+00:00"
        },
        {
            "name": "roy404/utilities",
            "version": "v1.0.9",
            "source": {
                "type": "git",
                "url": "https://github.com/roycanales17/Web-Utilities.git",
                "reference": "05ba3eb62f0fa1bccf29d97ffd72579d62c44417"
            },
            "dist": {
                "type": "zip",
                "url": "https://api.github.com/repos/roycanales17/Web-Utilities/zipball/05ba3eb62f0fa1bccf29d97ffd72579d62c44417",
                "reference": "05ba3eb62f0fa1bccf29d97ffd72579d62c44417",
                "shasum": ""
            },
            "require": {
                "php": "^8.0",
                "roy404/request": "^3.0"
            },
            "type": "library",
            "autoload": {
                "files": [
                    "src/Standard.php"
                ],
                "psr-4": {
                    "App\\Utilities\\": "src/",
                    "App\\Utilities\\Handler\\": "src/handler",
                    "App\\Utilities\\Blueprints\\": "src/blueprints"
                }
            },
            "notification-url": "https://packagist.org/downloads/",
            "license": [
                "MIT"
            ],
            "authors": [
                {
                    "name": "Robroy B Canales",
                    "email": "canales.robroy123@gmail.com"
                }
            ],
            "description": "A comprehensive collection of PHP utilities including Carbon, Logger, Storage, RateLimiter, Cache, and Session Handler, designed to enhance productivity and simplify development.",
            "keywords": [
                "compiler",
                "php"
            ],
            "support": {
                "issues": "https://github.com/roycanales17/Web-Utilities/issues",
                "source": "https://github.com/roycanales17/Web-Utilities/tree/v1.0.9"
            },
            "time": "2025-03-28T08:49:31+00:00"
        }
    ],
    "packages-dev": [],
    "aliases": [],
    "minimum-stability": "stable",
    "stability-flags": [],
    "prefer-stable": false,
    "prefer-lowest": false,
    "platform": [],
    "platform-dev": [],
    "plugin-api-version": "2.6.0"
}
